// !$*UTF8*$!
{
	archiveVersion = 1;
	classes = {
	};
	objectVersion = 50;
	objects = {

/* Begin PBXBuildFile section */
		23E33D3526405DDE00998939 /* StackOrnekleriApp.swift in Sources */ = {isa = PBXBuildFile; fileRef = 23E33D3426405DDE00998939 /* StackOrnekleriApp.swift */; };
		23E33D3726405DDE00998939 /* ContentView.swift in Sources */ = {isa = PBXBuildFile; fileRef = 23E33D3626405DDE00998939 /* ContentView.swift */; };
		23E33D3926405DE200998939 /* Assets.xcassets in Resources */ = {isa = PBXBuildFile; fileRef = 23E33D3826405DE200998939 /* Assets.xcassets */; };
		23E33D3C26405DE200998939 /* Preview Assets.xcassets in Resources */ = {isa = PBXBuildFile; fileRef = 23E33D3B26405DE200998939 /* Preview Assets.xcassets */; };
		23E33D4726405DE200998939 /* StackOrnekleriTests.swift in Sources */ = {isa = PBXBuildFile; fileRef = 23E33D4626405DE200998939 /* StackOrnekleriTests.swift */; };
		23E33D5226405DE200998939 /* StackOrnekleriUITests.swift in Sources */ = {isa = PBXBuildFile; fileRef = 23E33D5126405DE200998939 /* StackOrnekleriUITests.swift */; };
/* End PBXBuildFile section */

/* Begin PBXContainerItemProxy section */
		23E33D4326405DE200998939 /* PBXContainerItemProxy */ = {
			isa = PBXContainerItemProxy;
			containerPortal = 23E33D2926405DDE00998939 /* Project object */;
			proxyType = 1;
			remoteGlobalIDString = 23E33D3026405DDE00998939;
			remoteInfo = StackOrnekleri;
		};
		23E33D4E26405DE200998939 /* PBXContainerItemProxy */ = {
			isa = PBXContainerItemProxy;
			containerPortal = 23E33D2926405DDE00998939 /* Project object */;
			proxyType = 1;
			remoteGlobalIDString = 23E33D3026405DDE00998939;
			remoteInfo = StackOrnekleri;
		};
/* End PBXContainerItemProxy section */

/* Begin PBXFileReference section */
		23E33D3126405DDE00998939 /* StackOrnekleri.app */ = {isa = PBXFileReference; explicitFileType = wrapper.application; includeInIndex = 0; path = StackOrnekleri.app; sourceTree = BUILT_PRODUCTS_DIR; };
		23E33D3426405DDE00998939 /* StackOrnekleriApp.swift */ = {isa = PBXFileReference; lastKnownFileType = sourcecode.swift; path = StackOrnekleriApp.swift; sourceTree = "<group>"; };
		23E33D3626405DDE00998939 /* ContentView.swift */ = {isa = PBXFileReference; lastKnownFileType = sourcecode.swift; path = ContentView.swift; sourceTree = "<group>"; };
		23E33D3826405DE200998939 /* Assets.xcassets */ = {isa = PBXFileReference; lastKnownFileType = folder.assetcatalog; path = Assets.xcassets; sourceTree = "<group>"; };
		23E33D3B26405DE200998939 /* Preview Assets.xcassets */ = {isa = PBXFileReference; lastKnownFileType = folder.assetcatalog; path = "Preview Assets.xcassets"; sourceTree = "<group>"; };
		23E33D3D26405DE200998939 /* Info.plist */ = {isa = PBXFileReference; lastKnownFileType = text.plist.xml; path = Info.plist; sourceTree = "<group>"; };
		23E33D4226405DE200998939 /* StackOrnekleriTests.xctest */ = {isa = PBXFileReference; explicitFileType = wrapper.cfbundle; includeInIndex = 0; path = StackOrnekleriTests.xctest; sourceTree = BUILT_PRODUCTS_DIR; };
		23E33D4626405DE200998939 /* StackOrnekleriTests.swift */ = {isa = PBXFileReference; lastKnownFileType = sourcecode.swift; path = StackOrnekleriTests.swift; sourceTree = "<group>"; };
		23E33D4826405DE200998939 /* Info.plist */ = {isa = PBXFileReference; lastKnownFileType = text.plist.xml; path = Info.plist; sourceTree = "<group>"; };
		23E33D4D26405DE200998939 /* StackOrnekleriUITests.xctest */ = {isa = PBXFileReference; explicitFileType = wrapper.cfbundle; includeInIndex = 0; path = StackOrnekleriUITests.xctest; sourceTree = BUILT_PRODUCTS_DIR; };
		23E33D5126405DE200998939 /* StackOrnekleriUITests.swift */ = {isa = PBXFileReference; lastKnownFileType = sourcecode.swift; path = StackOrnekleriUITests.swift; sourceTree = "<group>"; };
		23E33D5326405DE200998939 /* Info.plist */ = {isa = PBXFileReference; lastKnownFileType = text.plist.xml; path = Info.plist; sourceTree = "<group>"; };
/* End PBXFileReference section */

/* Begin PBXFrameworksBuildPhase section */
		23E33D2E26405DDE00998939 /* Frameworks */ = {
			isa = PBXFrameworksBuildPhase;
			buildActionMask = 2147483647;
			files = (
			);
			runOnlyForDeploymentPostprocessing = 0;
		};
		23E33D3F26405DE200998939 /* Frameworks */ = {
			isa = PBXFrameworksBuildPhase;
			buildActionMask = 2147483647;
			files = (
			);
			runOnlyForDeploymentPostprocessing = 0;
		};
		23E33D4A26405DE200998939 /* Frameworks */ = {
			isa = PBXFrameworksBuildPhase;
			buildActionMask = 2147483647;
			files = (
			);
			runOnlyForDeploymentPostprocessing = 0;
		};
/* End PBXFrameworksBuildPhase section */

/* Begin PBXGroup section */
		23E33D2826405DDE00998939 = {
			isa = PBXGroup;
			children = (
				23E33D3326405DDE00998939 /* StackOrnekleri */,
				23E33D4526405DE200998939 /* StackOrnekleriTests */,
				23E33D5026405DE200998939 /* StackOrnekleriUITests */,
				23E33D3226405DDE00998939 /* Products */,
			);
			sourceTree = "<group>";
		};
		23E33D3226405DDE00998939 /* Products */ = {
			isa = PBXGroup;
			children = (
				23E33D3126405DDE00998939 /* StackOrnekleri.app */,
				23E33D4226405DE200998939 /* StackOrnekleriTests.xctest */,
				23E33D4D26405DE200998939 /* StackOrnekleriUITests.xctest */,
			);
			name = Products;
			sourceTree = "<group>";
		};
		23E33D3326405DDE00998939 /* StackOrnekleri */ = {
			isa = PBXGroup;
			children = (
				23E33D3426405DDE00998939 /* StackOrnekleriApp.swift */,
				23E33D3626405DDE00998939 /* ContentView.swift */,
				23E33D3826405DE200998939 /* Assets.xcassets */,
				23E33D3D26405DE200998939 /* Info.plist */,
				23E33D3A26405DE200998939 /* Preview Content */,
			);
			path = StackOrnekleri;
			sourceTree = "<group>";
		};
		23E33D3A26405DE200998939 /* Preview Content */ = {
			isa = PBXGroup;
			children = (
				23E33D3B26405DE200998939 /* Preview Assets.xcassets */,
			);
			path = "Preview Content";
			sourceTree = "<group>";
		};
		23E33D4526405DE200998939 /* StackOrnekleriTests */ = {
			isa = PBXGroup;
			children = (
				23E33D4626405DE200998939 /* StackOrnekleriTests.swift */,
				23E33D4826405DE200998939 /* Info.plist */,
			);
			path = StackOrnekleriTests;
			sourceTree = "<group>";
		};
		23E33D5026405DE200998939 /* StackOrnekleriUITests */ = {
			isa = PBXGroup;
			children = (
				23E33D5126405DE200998939 /* StackOrnekleriUITests.swift */,
				23E33D5326405DE200998939 /* Info.plist */,
			);
			path = StackOrnekleriUITests;
			sourceTree = "<group>";
		};
/* End PBXGroup section */

/* Begin PBXNativeTarget section */
		23E33D3026405DDE00998939 /* StackOrnekleri */ = {
			isa = PBXNativeTarget;
			buildConfigurationList = 23E33D5626405DE200998939 /* Build configuration list for PBXNativeTarget "StackOrnekleri" */;
			buildPhases = (
				23E33D2D26405DDE00998939 /* Sources */,
				23E33D2E26405DDE00998939 /* Frameworks */,
				23E33D2F26405DDE00998939 /* Resources */,
			);
			buildRules = (
			);
			dependencies = (
			);
			name = StackOrnekleri;
			productName = StackOrnekleri;
			productReference = 23E33D3126405DDE00998939 /* StackOrnekleri.app */;
			productType = "com.apple.product-type.application";
		};
		23E33D4126405DE200998939 /* StackOrnekleriTests */ = {
			isa = PBXNativeTarget;
			buildConfigurationList = 23E33D5926405DE200998939 /* Build configuration list for PBXNativeTarget "StackOrnekleriTests" */;
			buildPhases = (
				23E33D3E26405DE200998939 /* Sources */,
				23E33D3F26405DE200998939 /* Frameworks */,
				23E33D4026405DE200998939 /* Resources */,
			);
			buildRules = (
			);
			dependencies = (
				23E33D4426405DE200998939 /* PBXTargetDependency */,
			);
			name = StackOrnekleriTests;
			productName = StackOrnekleriTests;
			productReference = 23E33D4226405DE200998939 /* StackOrnekleriTests.xctest */;
			productType = "com.apple.product-type.bundle.unit-test";
		};
		23E33D4C26405DE200998939 /* StackOrnekleriUITests */ = {
			isa = PBXNativeTarget;
			buildConfigurationList = 23E33D5C26405DE200998939 /* Build configuration list for PBXNativeTarget "StackOrnekleriUITests" */;
			buildPhases = (
				23E33D4926405DE200998939 /* Sources */,
				23E33D4A26405DE200998939 /* Frameworks */,
				23E33D4B26405DE200998939 /* Resources */,
			);
			buildRules = (
			);
			dependencies = (
				23E33D4F26405DE200998939 /* PBXTargetDependency */,
			);
			name = StackOrnekleriUITests;
			productName = StackOrnekleriUITests;
			productReference = 23E33D4D26405DE200998939 /* StackOrnekleriUITests.xctest */;
			productType = "com.apple.product-type.bundle.ui-testing";
		};
/* End PBXNativeTarget section */

/* Begin PBXProject section */
		23E33D2926405DDE00998939 /* Project object */ = {
			isa = PBXProject;
			attributes = {
				LastSwiftUpdateCheck = 1250;
				LastUpgradeCheck = 1250;
				TargetAttributes = {
					23E33D3026405DDE00998939 = {
						CreatedOnToolsVersion = 12.5;
					};
					23E33D4126405DE200998939 = {
						CreatedOnToolsVersion = 12.5;
						TestTargetID = 23E33D3026405DDE00998939;
					};
					23E33D4C26405DE200998939 = {
						CreatedOnToolsVersion = 12.5;
						TestTargetID = 23E33D3026405DDE00998939;
					};
				};
			};
			buildConfigurationList = 23E33D2C26405DDE00998939 /* Build configuration list for PBXProject "StackOrnekleri" */;
			compatibilityVersion = "Xcode 9.3";
			developmentRegion = en;
			hasScannedForEncodings = 0;
			knownRegions = (
				en,
				Base,
			);
			mainGroup = 23E33D2826405DDE00998939;
			productRefGroup = 23E33D3226405DDE00998939 /* Products */;
			projectDirPath = "";
			projectRoot = "";
			targets = (
				23E33D3026405DDE00998939 /* StackOrnekleri */,
				23E33D4126405DE200998939 /* StackOrnekleriTests */,
				23E33D4C26405DE200998939 /* StackOrnekleriUITests */,
			);
		};
/* End PBXProject section */

/* Begin PBXResourcesBuildPhase section */
		23E33D2F26405DDE00998939 /* Resources */ = {
			isa = PBXResourcesBuildPhase;
			buildActionMask = 2147483647;
			files = (
				23E33D3C26405DE200998939 /* Preview Assets.xcassets in Resources */,
				23E33D3926405DE200998939 /* Assets.xcassets in Resources */,
			);
			runOnlyForDeploymentPostprocessing = 0;
		};
		23E33D4026405DE200998939 /* Resources */ = {
			isa = PBXResourcesBuildPhase;
			buildActionMask = 2147483647;
			files = (
			);
			runOnlyForDeploymentPostprocessing = 0;
		};
		23E33D4B26405DE200998939 /* Resources */ = {
			isa = PBXResourcesBuildPhase;
			buildActionMask = 2147483647;
			files = (
			);
			runOnlyForDeploymentPostprocessing = 0;
		};
/* End PBXResourcesBuildPhase section */

/* Begin PBXSourcesBuildPhase section */
		23E33D2D26405DDE00998939 /* Sources */ = {
			isa = PBXSourcesBuildPhase;
			buildActionMask = 2147483647;
			files = (
				23E33D3726405DDE00998939 /* ContentView.swift in Sources */,
				23E33D3526405DDE00998939 /* StackOrnekleriApp.swift in Sources */,
			);
			runOnlyForDeploymentPostprocessing = 0;
		};
		23E33D3E26405DE200998939 /* Sources */ = {
			isa = PBXSourcesBuildPhase;
			buildActionMask = 2147483647;
			files = (
				23E33D4726405DE200998939 /* StackOrnekleriTests.swift in Sources */,
			);
			runOnlyForDeploymentPostprocessing = 0;
		};
		23E33D4926405DE200998939 /* Sources */ = {
			isa = PBXSourcesBuildPhase;
			buildActionMask = 2147483647;
			files = (
				23E33D5226405DE200998939 /* StackOrnekleriUITests.swift in Sources */,
			);
			runOnlyForDeploymentPostprocessing = 0;
		};
/* End PBXSourcesBuildPhase section */

/* Begin PBXTargetDependency section */
		23E33D4426405DE200998939 /* PBXTargetDependency */ = {
			isa = PBXTargetDependency;
			target = 23E33D3026405DDE00998939 /* StackOrnekleri */;
			targetProxy = 23E33D4326405DE200998939 /* PBXContainerItemProxy */;
		};
		23E33D4F26405DE200998939 /* PBXTargetDependency */ = {
			isa = PBXTargetDependency;
			target = 23E33D3026405DDE00998939 /* StackOrnekleri */;
			targetProxy = 23E33D4E26405DE200998939 /* PBXContainerItemProxy */;
		};
/* End PBXTargetDependency section */

/* Begin XCBuildConfiguration section */
		23E33D5426405DE200998939 /* Debug */ = {
			isa = XCBuildConfiguration;
			buildSettings = {
				ALWAYS_SEARCH_USER_PATHS = NO;
				CLANG_ANALYZER_NONNULL = YES;
				CLANG_ANALYZER_NUMBER_OBJECT_CONVERSION = YES_AGGRESSIVE;
				CLANG_CXX_LANGUAGE_STANDARD = "gnu++14";
				CLANG_CXX_LIBRARY = "libc++";
				CLANG_ENABLE_MODULES = YES;
				CLANG_ENABLE_OBJC_ARC = YES;
				CLANG_ENABLE_OBJC_WEAK = YES;
				CLANG_WARN_BLOCK_CAPTURE_AUTORELEASING = YES;
				CLANG_WARN_BOOL_CONVERSION = YES;
				CLANG_WARN_COMMA = YES;
				CLANG_WARN_CONSTANT_CONVERSION = YES;
				CLANG_WARN_DEPRECATED_OBJC_IMPLEMENTATIONS = YES;
				CLANG_WARN_DIRECT_OBJC_ISA_USAGE = YES_ERROR;
				CLANG_WARN_DOCUMENTATION_COMMENTS = YES;
				CLANG_WARN_EMPTY_BODY = YES;
				CLANG_WARN_ENUM_CONVERSION = YES;
				CLANG_WARN_INFINITE_RECURSION = YES;
				CLANG_WARN_INT_CONVERSION = YES;
				CLANG_WARN_NON_LITERAL_NULL_CONVERSION = YES;
				CLANG_WARN_OBJC_IMPLICIT_RETAIN_SELF = YES;
				CLANG_WARN_OBJC_LITERAL_CONVERSION = YES;
				CLANG_WARN_OBJC_ROOT_CLASS = YES_ERROR;
				CLANG_WARN_QUOTED_INCLUDE_IN_FRAMEWORK_HEADER = YES;
				CLANG_WARN_RANGE_LOOP_ANALYSIS = YES;
				CLANG_WARN_STRICT_PROTOTYPES = YES;
				CLANG_WARN_SUSPICIOUS_MOVE = YES;
				CLANG_WARN_UNGUARDED_AVAILABILITY = YES_AGGRESSIVE;
				CLANG_WARN_UNREACHABLE_CODE = YES;
				CLANG_WARN__DUPLICATE_METHOD_MATCH = YES;
				COPY_PHASE_STRIP = NO;
				DEBUG_INFORMATION_FORMAT = dwarf;
				ENABLE_STRICT_OBJC_MSGSEND = YES;
				ENABLE_TESTABILITY = YES;
				GCC_C_LANGUAGE_STANDARD = gnu11;
				GCC_DYNAMIC_NO_PIC = NO;
				GCC_NO_COMMON_BLOCKS = YES;
				GCC_OPTIMIZATION_LEVEL = 0;
				GCC_PREPROCESSOR_DEFINITIONS = (
					"DEBUG=1",
					"$(inherited)",
				);
				GCC_WARN_64_TO_32_BIT_CONVERSION = YES;
				GCC_WARN_ABOUT_RETURN_TYPE = YES_ERROR;
				GCC_WARN_UNDECLARED_SELECTOR = YES;
				GCC_WARN_UNINITIALIZED_AUTOS = YES_AGGRESSIVE;
				GCC_WARN_UNUSED_FUNCTION = YES;
				GCC_WARN_UNUSED_VARIABLE = YES;
				IPHONEOS_DEPLOYMENT_TARGET = 14.5;
				MTL_ENABLE_DEBUG_INFO = INCLUDE_SOURCE;
				MTL_FAST_MATH = YES;
				ONLY_ACTIVE_ARCH = YES;
				SDKROOT = iphoneos;
				SWIFT_ACTIVE_COMPILATION_CONDITIONS = DEBUG;
				SWIFT_OPTIMIZATION_LEVEL = "-Onone";
			};
			name = Debug;
		};
		23E33D5526405DE200998939 /* Release */ = {
			isa = XCBuildConfiguration;
			buildSettings = {
				ALWAYS_SEARCH_USER_PATHS = NO;
				CLANG_ANALYZER_NONNULL = YES;
				CLANG_ANALYZER_NUMBER_OBJECT_CONVERSION = YES_AGGRESSIVE;
				CLANG_CXX_LANGUAGE_STANDARD = "gnu++14";
				CLANG_CXX_LIBRARY = "libc++";
				CLANG_ENABLE_MODULES = YES;
				CLANG_ENABLE_OBJC_ARC = YES;
				CLANG_ENABLE_OBJC_WEAK = YES;
				CLANG_WARN_BLOCK_CAPTURE_AUTORELEASING = YES;
				CLANG_WARN_BOOL_CONVERSION = YES;
				CLANG_WARN_COMMA = YES;
				CLANG_WARN_CONSTANT_CONVERSION = YES;
				CLANG_WARN_DEPRECATED_OBJC_IMPLEMENTATIONS = YES;
				CLANG_WARN_DIRECT_OBJC_ISA_USAGE = YES_ERROR;
				CLANG_WARN_DOCUMENTATION_COMMENTS = YES;
				CLANG_WARN_EMPTY_BODY = YES;
				CLANG_WARN_ENUM_CONVERSION = YES;
				CLANG_WARN_INFINITE_RECURSION = YES;
				CLANG_WARN_INT_CONVERSION = YES;
				CLANG_WARN_NON_LITERAL_NULL_CONVERSION = YES;
				CLANG_WARN_OBJC_IMPLICIT_RETAIN_SELF = YES;
				CLANG_WARN_OBJC_LITERAL_CONVERSION = YES;
				CLANG_WARN_OBJC_ROOT_CLASS = YES_ERROR;
				CLANG_WARN_QUOTED_INCLUDE_IN_FRAMEWORK_HEADER = YES;
				CLANG_WARN_RANGE_LOOP_ANALYSIS = YES;
				CLANG_WARN_STRICT_PROTOTYPES = YES;
				CLANG_WARN_SUSPICIOUS_MOVE = YES;
				CLANG_WARN_UNGUARDED_AVAILABILITY = YES_AGGRESSIVE;
				CLANG_WARN_UNREACHABLE_CODE = YES;
				CLANG_WARN__DUPLICATE_METHOD_MATCH = YES;
				COPY_PHASE_STRIP = NO;
				DEBUG_INFORMATION_FORMAT = "dwarf-with-dsym";
				ENABLE_NS_ASSERTIONS = NO;
				ENABLE_STRICT_OBJC_MSGSEND = YES;
				GCC_C_LANGUAGE_STANDARD = gnu11;
				GCC_NO_COMMON_BLOCKS = YES;
				GCC_WARN_64_TO_32_BIT_CONVERSION = YES;
				GCC_WARN_ABOUT_RETURN_TYPE = YES_ERROR;
				GCC_WARN_UNDECLARED_SELECTOR = YES;
				GCC_WARN_UNINITIALIZED_AUTOS = YES_AGGRESSIVE;
				GCC_WARN_UNUSED_FUNCTION = YES;
				GCC_WARN_UNUSED_VARIABLE = YES;
				IPHONEOS_DEPLOYMENT_TARGET = 14.5;
				MTL_ENABLE_DEBUG_INFO = NO;
				MTL_FAST_MATH = YES;
				SDKROOT = iphoneos;
				SWIFT_COMPILATION_MODE = wholemodule;
				SWIFT_OPTIMIZATION_LEVEL = "-O";
				VALIDATE_PRODUCT = YES;
			};
			name = Release;
		};
		23E33D5726405DE200998939 /* Debug */ = {
			isa = XCBuildConfiguration;
			buildSettings = {
				ASSETCATALOG_COMPILER_APPICON_NAME = AppIcon;
				ASSETCATALOG_COMPILER_GLOBAL_ACCENT_COLOR_NAME = AccentColor;
				CODE_SIGN_STYLE = Automatic;
				DEVELOPMENT_ASSET_PATHS = "\"StackOrnekleri/Preview Content\"";
				DEVELOPMENT_TEAM = 89VD7SL339;
				ENABLE_PREVIEWS = YES;
				INFOPLIST_FILE = StackOrnekleri/Info.plist;
				IPHONEOS_DEPLOYMENT_TARGET = 14.0;
				LD_RUNPATH_SEARCH_PATHS = (
					"$(inherited)",
					"@executable_path/Frameworks",
				);
				PRODUCT_BUNDLE_IDENTIFIER = co.pixeldigitalart.StackOrnekleri;
				PRODUCT_NAME = "$(TARGET_NAME)";
				SWIFT_VERSION = 5.0;
				TARGETED_DEVICE_FAMILY = "1,2";
			};
			name = Debug;
		};
		23E33D5826405DE200998939 /* Release */ = {
			isa = XCBuildConfiguration;
			buildSettings = {
				ASSETCATALOG_COMPILER_APPICON_NAME = AppIcon;
				ASSETCATALOG_COMPILER_GLOBAL_ACCENT_COLOR_NAME = AccentColor;
				CODE_SIGN_STYLE = Automatic;
				DEVELOPMENT_ASSET_PATHS = "\"StackOrnekleri/Preview Content\"";
				DEVELOPMENT_TEAM = 89VD7SL339;
				ENABLE_PREVIEWS = YES;
				INFOPLIST_FILE = StackOrnekleri/Info.plist;
				IPHONEOS_DEPLOYMENT_TARGET = 14.0;
				LD_RUNPATH_SEARCH_PATHS = (
					"$(inherited)",
					"@executable_path/Frameworks",
				);
				PRODUCT_BUNDLE_IDENTIFIER = co.pixeldigitalart.StackOrnekleri;
				PRODUCT_NAME = "$(TARGET_NAME)";
				SWIFT_VERSION = 5.0;
				TARGETED_DEVICE_FAMILY = "1,2";
			};
			name = Release;
		};
		23E33D5A26405DE200998939 /* Debug */ = {
			isa = XCBuildConfiguration;
			buildSettings = {
				ALWAYS_EMBED_SWIFT_STANDARD_LIBRARIES = YES;
				BUNDLE_LOADER = "$(TEST_HOST)";
				CODE_SIGN_STYLE = Automatic;
				DEVELOPMENT_TEAM = 89VD7SL339;
				INFOPLIST_FILE = StackOrnekleriTests/Info.plist;
				IPHONEOS_DEPLOYMENT_TARGET = 14.0;
				LD_RUNPATH_SEARCH_PATHS = (
					"$(inherited)",
					"@executable_path/Frameworks",
					"@loader_path/Frameworks",
				);
				PRODUCT_BUNDLE_IDENTIFIER = co.pixeldigitalart.StackOrnekleriTests;
				PRODUCT_NAME = "$(TARGET_NAME)";
				SWIFT_VERSION = 5.0;
				TARGETED_DEVICE_FAMILY = "1,2";
				TEST_HOST = "$(BUILT_PRODUCTS_DIR)/StackOrnekleri.app/StackOrnekleri";
			};
			name = Debug;
		};
		23E33D5B26405DE200998939 /* Release */ = {
			isa = XCBuildConfiguration;
			buildSettings = {
				ALWAYS_EMBED_SWIFT_STANDARD_LIBRARIES = YES;
				BUNDLE_LOADER = "$(TEST_HOST)";
				CODE_SIGN_STYLE = Automatic;
				DEVELOPMENT_TEAM = 89VD7SL339;
				INFOPLIST_FILE = StackOrnekleriTests/Info.plist;
				IPHONEOS_DEPLOYMENT_TARGET = 14.0;
				LD_RUNPATH_SEARCH_PATHS = (
					"$(inherited)",
					"@executable_path/Frameworks",
					"@loader_path/Frameworks",
				);
				PRODUCT_BUNDLE_IDENTIFIER = co.pixeldigitalart.StackOrnekleriTests;
				PRODUCT_NAME = "$(TARGET_NAME)";
				SWIFT_VERSION = 5.0;
				TARGETED_DEVICE_FAMILY = "1,2";
				TEST_HOST = "$(BUILT_PRODUCTS_DIR)/StackOrnekleri.app/StackOrnekleri";
			};
			name = Release;
		};
		23E33D5D26405DE200998939 /* Debug */ = {
			isa = XCBuildConfiguration;
			buildSettings = {
				ALWAYS_EMBED_SWIFT_STANDARD_LIBRARIES = YES;
				CODE_SIGN_STYLE = Automatic;
				DEVELOPMENT_TEAM = 89VD7SL339;
				INFOPLIST_FILE = StackOrnekleriUITests/Info.plist;
				LD_RUNPATH_SEARCH_PATHS = (
					"$(inherited)",
					"@executable_path/Frameworks",
					"@loader_path/Frameworks",
				);
				PRODUCT_BUNDLE_IDENTIFIER = co.pixeldigitalart.StackOrnekleriUITests;
				PRODUCT_NAME = "$(TARGET_NAME)";
				SWIFT_VERSION = 5.0;
				TARGETED_DEVICE_FAMILY = "1,2";
				TEST_TARGET_NAME = StackOrnekleri;
			};
			name = Debug;
		};
		23E33D5E26405DE200998939 /* Release */ = {
			isa = XCBuildConfiguration;
			buildSettings = {
				ALWAYS_EMBED_SWIFT_STANDARD_LIBRARIES = YES;
				CODE_SIGN_STYLE = Automatic;
				DEVELOPMENT_TEAM = 89VD7SL339;
				INFOPLIST_FILE = StackOrnekleriUITests/Info.plist;
				LD_RUNPATH_SEARCH_PATHS = (
					"$(inherited)",
					"@executable_path/Frameworks",
					"@loader_path/Frameworks",
				);
				PRODUCT_BUNDLE_IDENTIFIER = co.pixeldigitalart.StackOrnekleriUITests;
				PRODUCT_NAME = "$(TARGET_NAME)";
				SWIFT_VERSION = 5.0;
				TARGETED_DEVICE_FAMILY = "1,2";
				TEST_TARGET_NAME = StackOrnekleri;
			};
			name = Release;
		};
/* End XCBuildConfiguration section */

/* Begin XCConfigurationList section */
		23E33D2C26405DDE00998939 /* Build configuration list for PBXProject "StackOrnekleri" */ = {
			isa = XCConfigurationList;
			buildConfigurations = (
				23E33D5426405DE200998939 /* Debug */,
				23E33D5526405DE200998939 /* Release */,
			);
			defaultConfigurationIsVisible = 0;
			defaultConfigurationName = Release;
		};
		23E33D5626405DE200998939 /* Build configuration list for PBXNativeTarget "StackOrnekleri" */ = {
			isa = XCConfigurationList;
			buildConfigurations = (
				23E33D5726405DE200998939 /* Debug */,
				23E33D5826405DE200998939 /* Release */,
			);
			defaultConfigurationIsVisible = 0;
			defaultConfigurationName = Release;
		};
		23E33D5926405DE200998939 /* Build configuration list for PBXNativeTarget "StackOrnekleriTests" */ = {
			isa = XCConfigurationList;
			buildConfigurations = (
				23E33D5A26405DE200998939 /* Debug */,
				23E33D5B26405DE200998939 /* Release */,
			);
			defaultConfigurationIsVisible = 0;
			defaultConfigurationName = Release;
		};
		23E33D5C26405DE200998939 /* Build configuration list for PBXNativeTarget "StackOrnekleriUITests" */ = {
			isa = XCConfigurationList;
			buildConfigurations = (
				23E33D5D26405DE200998939 /* Debug */,
				23E33D5E26405DE200998939 /* Release */,
			);
			defaultConfigurationIsVisible = 0;
			defaultConfigurationName = Release;
		};
/* End XCConfigurationList section */
	};
	rootObject = 23E33D2926405DDE00998939 /* Project object */;
}
